
Microsoft Visual Studio Solution File, Format Version 12.00
# Visual Studio Version 16
VisualStudioVersion = 16.0.32106.194
MinimumVisualStudioVersion = 10.0.40219.1
Project("{8BC9CEB8-8B4A-11D0-8D11-00A0C91BC942}") = "PG3_03", "PG3_03.vcxproj", "{ED3DCCA4-17C8-442C-A9E2-2D2B79C78DE6}"
EndProject
Project("{8BC9CEB8-8B4A-11D0-8D11-00A0C91BC942}") = "3-2.静的メンバ変数", "..\3-2.静的メンバ変数\3-2.静的メンバ変数.vcxproj", "{BBDDDAE5-3FAE-4EAD-8C66-CC4E03EF8B1D}"
EndProject
Project("{8BC9CEB8-8B4A-11D0-8D11-00A0C91BC942}") = "3-3メンバ関数ポインタ", "..\3-3メンバ関数ポインタ\3-3メンバ関数ポインタ.vcxproj", "{2B9BC409-BBAA-403D-BFD6-0A03A2A05F47}"
EndProject
Global
	GlobalSection(SolutionConfigurationPlatforms) = preSolution
		Debug|x64 = Debug|x64
		Debug|x86 = Debug|x86
		Release|x64 = Release|x64
		Release|x86 = Release|x86
	EndGlobalSection
	GlobalSection(ProjectConfigurationPlatforms) = postSolution
		{ED3DCCA4-17C8-442C-A9E2-2D2B79C78DE6}.Debug|x64.ActiveCfg = Debug|x64
		{ED3DCCA4-17C8-442C-A9E2-2D2B79C78DE6}.Debug|x64.Build.0 = Debug|x64
		{ED3DCCA4-17C8-442C-A9E2-2D2B79C78DE6}.Debug|x86.ActiveCfg = Debug|Win32
		{ED3DCCA4-17C8-442C-A9E2-2D2B79C78DE6}.Debug|x86.Build.0 = Debug|Win32
		{ED3DCCA4-17C8-442C-A9E2-2D2B79C78DE6}.Release|x64.ActiveCfg = Release|x64
		{ED3DCCA4-17C8-442C-A9E2-2D2B79C78DE6}.Release|x64.Build.0 = Release|x64
		{ED3DCCA4-17C8-442C-A9E2-2D2B79C78DE6}.Release|x86.ActiveCfg = Release|Win32
		{ED3DCCA4-17C8-442C-A9E2-2D2B79C78DE6}.Release|x86.Build.0 = Release|Win32
		{BBDDDAE5-3FAE-4EAD-8C66-CC4E03EF8B1D}.Debug|x64.ActiveCfg = Debug|x64
		{BBDDDAE5-3FAE-4EAD-8C66-CC4E03EF8B1D}.Debug|x64.Build.0 = Debug|x64
		{BBDDDAE5-3FAE-4EAD-8C66-CC4E03EF8B1D}.Debug|x86.ActiveCfg = Debug|Win32
		{BBDDDAE5-3FAE-4EAD-8C66-CC4E03EF8B1D}.Debug|x86.Build.0 = Debug|Win32
		{BBDDDAE5-3FAE-4EAD-8C66-CC4E03EF8B1D}.Release|x64.ActiveCfg = Release|x64
		{BBDDDAE5-3FAE-4EAD-8C66-CC4E03EF8B1D}.Release|x64.Build.0 = Release|x64
		{BBDDDAE5-3FAE-4EAD-8C66-CC4E03EF8B1D}.Release|x86.ActiveCfg = Release|Win32
		{BBDDDAE5-3FAE-4EAD-8C66-CC4E03EF8B1D}.Release|x86.Build.0 = Release|Win32
		{2B9BC409-BBAA-403D-BFD6-0A03A2A05F47}.Debug|x64.ActiveCfg = Debug|x64
		{2B9BC409-BBAA-403D-BFD6-0A03A2A05F47}.Debug|x64.Build.0 = Debug|x64
		{2B9BC409-BBAA-403D-BFD6-0A03A2A05F47}.Debug|x86.ActiveCfg = Debug|Win32
		{2B9BC409-BBAA-403D-BFD6-0A03A2A05F47}.Debug|x86.Build.0 = Debug|Win32
		{2B9BC409-BBAA-403D-BFD6-0A03A2A05F47}.Release|x64.ActiveCfg = Release|x64
		{2B9BC409-BBAA-403D-BFD6-0A03A2A05F47}.Release|x64.Build.0 = Release|x64
		{2B9BC409-BBAA-403D-BFD6-0A03A2A05F47}.Release|x86.ActiveCfg = Release|Win32
		{2B9BC409-BBAA-403D-BFD6-0A03A2A05F47}.Release|x86.Build.0 = Release|Win32
	EndGlobalSection
	GlobalSection(SolutionProperties) = preSolution
		HideSolutionNode = FALSE
	EndGlobalSection
	GlobalSection(ExtensibilityGlobals) = postSolution
		SolutionGuid = {5BBEE153-8E93-4F4D-A1E3-2FD1FFAE8189}
	EndGlobalSection
EndGlobal
